
Microsoft Visual Studio Solution File, Format Version 12.00
# Visual Studio 15
VisualStudioVersion = 15.0.28307.329
MinimumVisualStudioVersion = 10.0.40219.1
Project("{FAE04EC0-301F-11D3-BF4B-00C04F79EFBC}") = "Task1", "Task1\Task1.csproj", "{8BDF4F27-6A67-48E3-AC13-B4D9246E67FE}"
EndProject
Project("{FAE04EC0-301F-11D3-BF4B-00C04F79EFBC}") = "Task2", "Task2\Task2.csproj", "{0ACF1C81-30E9-414A-8DAF-3772E71417B7}"
EndProject
Project("{FAE04EC0-301F-11D3-BF4B-00C04F79EFBC}") = "task3", "task3\task3.csproj", "{69B9F57A-1513-4040-AE6D-CB12768AC01C}"
EndProject
Project("{FAE04EC0-301F-11D3-BF4B-00C04F79EFBC}") = "task4", "task4\task4.csproj", "{5B333A53-4F2D-46D6-8FC8-889A10204582}"
EndProject
Global
	GlobalSection(SolutionConfigurationPlatforms) = preSolution
		Debug|Any CPU = Debug|Any CPU
		Release|Any CPU = Release|Any CPU
	EndGlobalSection
	GlobalSection(ProjectConfigurationPlatforms) = postSolution
		{8BDF4F27-6A67-48E3-AC13-B4D9246E67FE}.Debug|Any CPU.ActiveCfg = Debug|Any CPU
		{8BDF4F27-6A67-48E3-AC13-B4D9246E67FE}.Debug|Any CPU.Build.0 = Debug|Any CPU
		{8BDF4F27-6A67-48E3-AC13-B4D9246E67FE}.Release|Any CPU.ActiveCfg = Release|Any CPU
		{8BDF4F27-6A67-48E3-AC13-B4D9246E67FE}.Release|Any CPU.Build.0 = Release|Any CPU
		{0ACF1C81-30E9-414A-8DAF-3772E71417B7}.Debug|Any CPU.ActiveCfg = Debug|Any CPU
		{0ACF1C81-30E9-414A-8DAF-3772E71417B7}.Debug|Any CPU.Build.0 = Debug|Any CPU
		{0ACF1C81-30E9-414A-8DAF-3772E71417B7}.Release|Any CPU.ActiveCfg = Release|Any CPU
		{0ACF1C81-30E9-414A-8DAF-3772E71417B7}.Release|Any CPU.Build.0 = Release|Any CPU
		{69B9F57A-1513-4040-AE6D-CB12768AC01C}.Debug|Any CPU.ActiveCfg = Debug|Any CPU
		{69B9F57A-1513-4040-AE6D-CB12768AC01C}.Debug|Any CPU.Build.0 = Debug|Any CPU
		{69B9F57A-1513-4040-AE6D-CB12768AC01C}.Release|Any CPU.ActiveCfg = Release|Any CPU
		{69B9F57A-1513-4040-AE6D-CB12768AC01C}.Release|Any CPU.Build.0 = Release|Any CPU
		{5B333A53-4F2D-46D6-8FC8-889A10204582}.Debug|Any CPU.ActiveCfg = Debug|Any CPU
		{5B333A53-4F2D-46D6-8FC8-889A10204582}.Debug|Any CPU.Build.0 = Debug|Any CPU
		{5B333A53-4F2D-46D6-8FC8-889A10204582}.Release|Any CPU.ActiveCfg = Release|Any CPU
		{5B333A53-4F2D-46D6-8FC8-889A10204582}.Release|Any CPU.Build.0 = Release|Any CPU
	EndGlobalSection
	GlobalSection(SolutionProperties) = preSolution
		HideSolutionNode = FALSE
	EndGlobalSection
	GlobalSection(ExtensibilityGlobals) = postSolution
		SolutionGuid = {1B3B7AEA-E638-4F50-8FEB-527235717D92}
	EndGlobalSection
EndGlobal
