
Microsoft Visual Studio Solution File, Format Version 12.00
# Visual Studio 15
VisualStudioVersion = 15.0.28307.329
MinimumVisualStudioVersion = 10.0.40219.1
Project("{FAE04EC0-301F-11D3-BF4B-00C04F79EFBC}") = "Week2", "Week2\Week2.csproj", "{5D33F1F8-7E7B-4465-8578-FF14CC22DD32}"
EndProject
Project("{FAE04EC0-301F-11D3-BF4B-00C04F79EFBC}") = "Task1", "Task1\Task1.csproj", "{A30C26AB-18BF-4DEA-A102-06D4D7EC3224}"
EndProject
Project("{FAE04EC0-301F-11D3-BF4B-00C04F79EFBC}") = "task2", "task2\task2.csproj", "{F433A1AA-799C-4D47-AA6D-78B4E11D04D8}"
EndProject
Project("{FAE04EC0-301F-11D3-BF4B-00C04F79EFBC}") = "task4", "task4\task4.csproj", "{423D7C5A-00E7-42D5-A331-B479061A34BA}"
EndProject
Project("{FAE04EC0-301F-11D3-BF4B-00C04F79EFBC}") = "task3", "task3\task3.csproj", "{54CA672E-0590-45D2-9AAB-EDE2BE67B199}"
EndProject
Global
	GlobalSection(SolutionConfigurationPlatforms) = preSolution
		Debug|Any CPU = Debug|Any CPU
		Release|Any CPU = Release|Any CPU
	EndGlobalSection
	GlobalSection(ProjectConfigurationPlatforms) = postSolution
		{5D33F1F8-7E7B-4465-8578-FF14CC22DD32}.Debug|Any CPU.ActiveCfg = Debug|Any CPU
		{5D33F1F8-7E7B-4465-8578-FF14CC22DD32}.Debug|Any CPU.Build.0 = Debug|Any CPU
		{5D33F1F8-7E7B-4465-8578-FF14CC22DD32}.Release|Any CPU.ActiveCfg = Release|Any CPU
		{5D33F1F8-7E7B-4465-8578-FF14CC22DD32}.Release|Any CPU.Build.0 = Release|Any CPU
		{A30C26AB-18BF-4DEA-A102-06D4D7EC3224}.Debug|Any CPU.ActiveCfg = Debug|Any CPU
		{A30C26AB-18BF-4DEA-A102-06D4D7EC3224}.Debug|Any CPU.Build.0 = Debug|Any CPU
		{A30C26AB-18BF-4DEA-A102-06D4D7EC3224}.Release|Any CPU.ActiveCfg = Release|Any CPU
		{A30C26AB-18BF-4DEA-A102-06D4D7EC3224}.Release|Any CPU.Build.0 = Release|Any CPU
		{F433A1AA-799C-4D47-AA6D-78B4E11D04D8}.Debug|Any CPU.ActiveCfg = Debug|Any CPU
		{F433A1AA-799C-4D47-AA6D-78B4E11D04D8}.Debug|Any CPU.Build.0 = Debug|Any CPU
		{F433A1AA-799C-4D47-AA6D-78B4E11D04D8}.Release|Any CPU.ActiveCfg = Release|Any CPU
		{F433A1AA-799C-4D47-AA6D-78B4E11D04D8}.Release|Any CPU.Build.0 = Release|Any CPU
		{423D7C5A-00E7-42D5-A331-B479061A34BA}.Debug|Any CPU.ActiveCfg = Debug|Any CPU
		{423D7C5A-00E7-42D5-A331-B479061A34BA}.Debug|Any CPU.Build.0 = Debug|Any CPU
		{423D7C5A-00E7-42D5-A331-B479061A34BA}.Release|Any CPU.ActiveCfg = Release|Any CPU
		{423D7C5A-00E7-42D5-A331-B479061A34BA}.Release|Any CPU.Build.0 = Release|Any CPU
		{54CA672E-0590-45D2-9AAB-EDE2BE67B199}.Debug|Any CPU.ActiveCfg = Debug|Any CPU
		{54CA672E-0590-45D2-9AAB-EDE2BE67B199}.Debug|Any CPU.Build.0 = Debug|Any CPU
		{54CA672E-0590-45D2-9AAB-EDE2BE67B199}.Release|Any CPU.ActiveCfg = Release|Any CPU
		{54CA672E-0590-45D2-9AAB-EDE2BE67B199}.Release|Any CPU.Build.0 = Release|Any CPU
	EndGlobalSection
	GlobalSection(SolutionProperties) = preSolution
		HideSolutionNode = FALSE
	EndGlobalSection
	GlobalSection(ExtensibilityGlobals) = postSolution
		SolutionGuid = {DE9B3D91-42AB-4367-BBB6-4C3B74872532}
	EndGlobalSection
EndGlobal
